
Microsoft Visual Studio Solution File, Format Version 12.00
# Visual Studio 15
VisualStudioVersion = 15.0.27703.2018
MinimumVisualStudioVersion = 10.0.40219.1
Project("{FAE04EC0-301F-11D3-BF4B-00C04F79EFBC}") = "CoreplusExercise.Api", "CoreplusExercise.Api\CoreplusExercise.Api.csproj", "{BFD3B703-0A64-4313-8312-FECEB881AE05}"
EndProject
Project("{FAE04EC0-301F-11D3-BF4B-00C04F79EFBC}") = "CoreplusExercise.Managers", "CoreplusExercise.Managers\CoreplusExercise.Managers.csproj", "{EB3A0DFF-AF56-44BE-B16C-7E9E417E3205}"
EndProject
Project("{FAE04EC0-301F-11D3-BF4B-00C04F79EFBC}") = "CoreplusExercise.Accessor", "CoreplusExercise.Accessor\CoreplusExercise.Accessor.csproj", "{A91AFEE9-074F-4411-8B61-F866582C999E}"
EndProject
Global
	GlobalSection(SolutionConfigurationPlatforms) = preSolution
		Debug|Any CPU = Debug|Any CPU
		Release|Any CPU = Release|Any CPU
	EndGlobalSection
	GlobalSection(ProjectConfigurationPlatforms) = postSolution
		{BFD3B703-0A64-4313-8312-FECEB881AE05}.Debug|Any CPU.ActiveCfg = Debug|Any CPU
		{BFD3B703-0A64-4313-8312-FECEB881AE05}.Debug|Any CPU.Build.0 = Debug|Any CPU
		{BFD3B703-0A64-4313-8312-FECEB881AE05}.Release|Any CPU.ActiveCfg = Release|Any CPU
		{BFD3B703-0A64-4313-8312-FECEB881AE05}.Release|Any CPU.Build.0 = Release|Any CPU
		{EB3A0DFF-AF56-44BE-B16C-7E9E417E3205}.Debug|Any CPU.ActiveCfg = Debug|Any CPU
		{EB3A0DFF-AF56-44BE-B16C-7E9E417E3205}.Debug|Any CPU.Build.0 = Debug|Any CPU
		{EB3A0DFF-AF56-44BE-B16C-7E9E417E3205}.Release|Any CPU.ActiveCfg = Release|Any CPU
		{EB3A0DFF-AF56-44BE-B16C-7E9E417E3205}.Release|Any CPU.Build.0 = Release|Any CPU
		{A91AFEE9-074F-4411-8B61-F866582C999E}.Debug|Any CPU.ActiveCfg = Debug|Any CPU
		{A91AFEE9-074F-4411-8B61-F866582C999E}.Debug|Any CPU.Build.0 = Debug|Any CPU
		{A91AFEE9-074F-4411-8B61-F866582C999E}.Release|Any CPU.ActiveCfg = Release|Any CPU
		{A91AFEE9-074F-4411-8B61-F866582C999E}.Release|Any CPU.Build.0 = Release|Any CPU
	EndGlobalSection
	GlobalSection(SolutionProperties) = preSolution
		HideSolutionNode = FALSE
	EndGlobalSection
	GlobalSection(ExtensibilityGlobals) = postSolution
		SolutionGuid = {1BF4EEE1-23D2-41C1-8833-3F8E8AC90051}
	EndGlobalSection
EndGlobal
